// !$*UTF8*$!
{
	archiveVersion = 1;
	classes = {
	};
	objectVersion = 46;
	objects = {

/* Begin PBXBuildFile section */
		C9442DBB1B75BA6E00190B73 /* AppDelegate.swift in Sources */ = {isa = PBXBuildFile; fileRef = C9442DBA1B75BA6E00190B73 /* AppDelegate.swift */; };
		C9442DBD1B75BA6E00190B73 /* MasterViewController.swift in Sources */ = {isa = PBXBuildFile; fileRef = C9442DBC1B75BA6E00190B73 /* MasterViewController.swift */; };
		C9442DBF1B75BA6E00190B73 /* DetailViewController.swift in Sources */ = {isa = PBXBuildFile; fileRef = C9442DBE1B75BA6E00190B73 /* DetailViewController.swift */; };
		C9442DC21B75BA6E00190B73 /* Main.storyboard in Resources */ = {isa = PBXBuildFile; fileRef = C9442DC01B75BA6E00190B73 /* Main.storyboard */; };
		C9442DC41B75BA6E00190B73 /* Images.xcassets in Resources */ = {isa = PBXBuildFile; fileRef = C9442DC31B75BA6E00190B73 /* Images.xcassets */; };
		C9442DC71B75BA6E00190B73 /* LaunchScreen.xib in Resources */ = {isa = PBXBuildFile; fileRef = C9442DC51B75BA6E00190B73 /* LaunchScreen.xib */; };
		C9442DD31B75BA6E00190B73 /* BestTests.swift in Sources */ = {isa = PBXBuildFile; fileRef = C9442DD21B75BA6E00190B73 /* BestTests.swift */; };
/* End PBXBuildFile section */

/* Begin PBXContainerItemProxy section */
		C9442DCD1B75BA6E00190B73 /* PBXContainerItemProxy */ = {
			isa = PBXContainerItemProxy;
			containerPortal = C9442DAD1B75BA6E00190B73 /* Project object */;
			proxyType = 1;
			remoteGlobalIDString = C9442DB41B75BA6E00190B73;
			remoteInfo = Best;
		};
/* End PBXContainerItemProxy section */

/* Begin PBXFileReference section */
		C9442DB51B75BA6E00190B73 /* Best.app */ = {isa = PBXFileReference; explicitFileType = wrapper.application; includeInIndex = 0; path = Best.app; sourceTree = BUILT_PRODUCTS_DIR; };
		C9442DB91B75BA6E00190B73 /* Info.plist */ = {isa = PBXFileReference; lastKnownFileType = text.plist.xml; path = Info.plist; sourceTree = "<group>"; };
		C9442DBA1B75BA6E00190B73 /* AppDelegate.swift */ = {isa = PBXFileReference; lastKnownFileType = sourcecode.swift; path = AppDelegate.swift; sourceTree = "<group>"; };
		C9442DBC1B75BA6E00190B73 /* MasterViewController.swift */ = {isa = PBXFileReference; lastKnownFileType = sourcecode.swift; path = MasterViewController.swift; sourceTree = "<group>"; };
		C9442DBE1B75BA6E00190B73 /* DetailViewController.swift */ = {isa = PBXFileReference; lastKnownFileType = sourcecode.swift; path = DetailViewController.swift; sourceTree = "<group>"; };
		C9442DC11B75BA6E00190B73 /* Base */ = {isa = PBXFileReference; lastKnownFileType = file.storyboard; name = Base; path = Base.lproj/Main.storyboard; sourceTree = "<group>"; };
		C9442DC31B75BA6E00190B73 /* Images.xcassets */ = {isa = PBXFileReference; lastKnownFileType = folder.assetcatalog; path = Images.xcassets; sourceTree = "<group>"; };
		C9442DC61B75BA6E00190B73 /* Base */ = {isa = PBXFileReference; lastKnownFileType = file.xib; name = Base; path = Base.lproj/LaunchScreen.xib; sourceTree = "<group>"; };
		C9442DCC1B75BA6E00190B73 /* BestTests.xctest */ = {isa = PBXFileReference; explicitFileType = wrapper.cfbundle; includeInIndex = 0; path = BestTests.xctest; sourceTree = BUILT_PRODUCTS_DIR; };
		C9442DD11B75BA6E00190B73 /* Info.plist */ = {isa = PBXFileReference; lastKnownFileType = text.plist.xml; path = Info.plist; sourceTree = "<group>"; };
		C9442DD21B75BA6E00190B73 /* BestTests.swift */ = {isa = PBXFileReference; lastKnownFileType = sourcecode.swift; path = BestTests.swift; sourceTree = "<group>"; };
/* End PBXFileReference section */

/* Begin PBXFrameworksBuildPhase section */
		C9442DB21B75BA6E00190B73 /* Frameworks */ = {
			isa = PBXFrameworksBuildPhase;
			buildActionMask = 2147483647;
			files = (
			);
			runOnlyForDeploymentPostprocessing = 0;
		};
		C9442DC91B75BA6E00190B73 /* Frameworks */ = {
			isa = PBXFrameworksBuildPhase;
			buildActionMask = 2147483647;
			files = (
			);
			runOnlyForDeploymentPostprocessing = 0;
		};
/* End PBXFrameworksBuildPhase section */

/* Begin PBXGroup section */
		C9442DAC1B75BA6E00190B73 = {
			isa = PBXGroup;
			children = (
				C9442DB71B75BA6E00190B73 /* Best */,
				C9442DCF1B75BA6E00190B73 /* BestTests */,
				C9442DB61B75BA6E00190B73 /* Products */,
			);
			sourceTree = "<group>";
		};
		C9442DB61B75BA6E00190B73 /* Products */ = {
			isa = PBXGroup;
			children = (
				C9442DB51B75BA6E00190B73 /* Best.app */,
				C9442DCC1B75BA6E00190B73 /* BestTests.xctest */,
			);
			name = Products;
			sourceTree = "<group>";
		};
		C9442DB71B75BA6E00190B73 /* Best */ = {
			isa = PBXGroup;
			children = (
				C9442DBA1B75BA6E00190B73 /* AppDelegate.swift */,
				C9442DBC1B75BA6E00190B73 /* MasterViewController.swift */,
				C9442DBE1B75BA6E00190B73 /* DetailViewController.swift */,
				C9442DC01B75BA6E00190B73 /* Main.storyboard */,
				C9442DC31B75BA6E00190B73 /* Images.xcassets */,
				C9442DC51B75BA6E00190B73 /* LaunchScreen.xib */,
				C9442DB81B75BA6E00190B73 /* Supporting Files */,
			);
			path = Best;
			sourceTree = "<group>";
		};
		C9442DB81B75BA6E00190B73 /* Supporting Files */ = {
			isa = PBXGroup;
			children = (
				C9442DB91B75BA6E00190B73 /* Info.plist */,
			);
			name = "Supporting Files";
			sourceTree = "<group>";
		};
		C9442DCF1B75BA6E00190B73 /* BestTests */ = {
			isa = PBXGroup;
			children = (
				C9442DD21B75BA6E00190B73 /* BestTests.swift */,
				C9442DD01B75BA6E00190B73 /* Supporting Files */,
			);
			path = BestTests;
			sourceTree = "<group>";
		};
		C9442DD01B75BA6E00190B73 /* Supporting Files */ = {
			isa = PBXGroup;
			children = (
				C9442DD11B75BA6E00190B73 /* Info.plist */,
			);
			name = "Supporting Files";
			sourceTree = "<group>";
		};
/* End PBXGroup section */

/* Begin PBXNativeTarget section */
		C9442DB41B75BA6E00190B73 /* Best */ = {
			isa = PBXNativeTarget;
			buildConfigurationList = C9442DD61B75BA6E00190B73 /* Build configuration list for PBXNativeTarget "Best" */;
			buildPhases = (
				C9442DB11B75BA6E00190B73 /* Sources */,
				C9442DB21B75BA6E00190B73 /* Frameworks */,
				C9442DB31B75BA6E00190B73 /* Resources */,
			);
			buildRules = (
			);
			dependencies = (
			);
			name = Best;
			productName = Best;
			productReference = C9442DB51B75BA6E00190B73 /* Best.app */;
			productType = "com.apple.product-type.application";
		};
		C9442DCB1B75BA6E00190B73 /* BestTests */ = {
			isa = PBXNativeTarget;
			buildConfigurationList = C9442DD91B75BA6E00190B73 /* Build configuration list for PBXNativeTarget "BestTests" */;
			buildPhases = (
				C9442DC81B75BA6E00190B73 /* Sources */,
				C9442DC91B75BA6E00190B73 /* Frameworks */,
				C9442DCA1B75BA6E00190B73 /* Resources */,
			);
			buildRules = (
			);
			dependencies = (
				C9442DCE1B75BA6E00190B73 /* PBXTargetDependency */,
			);
			name = BestTests;
			productName = BestTests;
			productReference = C9442DCC1B75BA6E00190B73 /* BestTests.xctest */;
			productType = "com.apple.product-type.bundle.unit-test";
		};
/* End PBXNativeTarget section */

/* Begin PBXProject section */
		C9442DAD1B75BA6E00190B73 /* Project object */ = {
			isa = PBXProject;
			attributes = {
				LastUpgradeCheck = 0640;
				ORGANIZATIONNAME = "Matt Krueger";
				TargetAttributes = {
					C9442DB41B75BA6E00190B73 = {
						CreatedOnToolsVersion = 6.4;
					};
					C9442DCB1B75BA6E00190B73 = {
						CreatedOnToolsVersion = 6.4;
						TestTargetID = C9442DB41B75BA6E00190B73;
					};
				};
			};
			buildConfigurationList = C9442DB01B75BA6E00190B73 /* Build configuration list for PBXProject "Best" */;
			compatibilityVersion = "Xcode 3.2";
			developmentRegion = English;
			hasScannedForEncodings = 0;
			knownRegions = (
				en,
				Base,
			);
			mainGroup = C9442DAC1B75BA6E00190B73;
			productRefGroup = C9442DB61B75BA6E00190B73 /* Products */;
			projectDirPath = "";
			projectRoot = "";
			targets = (
				C9442DB41B75BA6E00190B73 /* Best */,
				C9442DCB1B75BA6E00190B73 /* BestTests */,
			);
		};
/* End PBXProject section */

/* Begin PBXResourcesBuildPhase section */
		C9442DB31B75BA6E00190B73 /* Resources */ = {
			isa = PBXResourcesBuildPhase;
			buildActionMask = 2147483647;
			files = (
				C9442DC21B75BA6E00190B73 /* Main.storyboard in Resources */,
				C9442DC71B75BA6E00190B73 /* LaunchScreen.xib in Resources */,
				C9442DC41B75BA6E00190B73 /* Images.xcassets in Resources */,
			);
			runOnlyForDeploymentPostprocessing = 0;
		};
		C9442DCA1B75BA6E00190B73 /* Resources */ = {
			isa = PBXResourcesBuildPhase;
			buildActionMask = 2147483647;
			files = (
			);
			runOnlyForDeploymentPostprocessing = 0;
		};
/* End PBXResourcesBuildPhase section */

/* Begin PBXSourcesBuildPhase section */
		C9442DB11B75BA6E00190B73 /* Sources */ = {
			isa = PBXSourcesBuildPhase;
			buildActionMask = 2147483647;
			files = (
				C9442DBF1B75BA6E00190B73 /* DetailViewController.swift in Sources */,
				C9442DBD1B75BA6E00190B73 /* MasterViewController.swift in Sources */,
				C9442DBB1B75BA6E00190B73 /* AppDelegate.swift in Sources */,
			);
			runOnlyForDeploymentPostprocessing = 0;
		};
		C9442DC81B75BA6E00190B73 /* Sources */ = {
			isa = PBXSourcesBuildPhase;
			buildActionMask = 2147483647;
			files = (
				C9442DD31B75BA6E00190B73 /* BestTests.swift in Sources */,
			);
			runOnlyForDeploymentPostprocessing = 0;
		};
/* End PBXSourcesBuildPhase section */

/* Begin PBXTargetDependency section */
		C9442DCE1B75BA6E00190B73 /* PBXTargetDependency */ = {
			isa = PBXTargetDependency;
			target = C9442DB41B75BA6E00190B73 /* Best */;
			targetProxy = C9442DCD1B75BA6E00190B73 /* PBXContainerItemProxy */;
		};
/* End PBXTargetDependency section */

/* Begin PBXVariantGroup section */
		C9442DC01B75BA6E00190B73 /* Main.storyboard */ = {
			isa = PBXVariantGroup;
			children = (
				C9442DC11B75BA6E00190B73 /* Base */,
			);
			name = Main.storyboard;
			sourceTree = "<group>";
		};
		C9442DC51B75BA6E00190B73 /* LaunchScreen.xib */ = {
			isa = PBXVariantGroup;
			children = (
				C9442DC61B75BA6E00190B73 /* Base */,
			);
			name = LaunchScreen.xib;
			sourceTree = "<group>";
		};
/* End PBXVariantGroup section */

/* Begin XCBuildConfiguration section */
		C9442DD41B75BA6E00190B73 /* Debug */ = {
			isa = XCBuildConfiguration;
			buildSettings = {
				ALWAYS_SEARCH_USER_PATHS = NO;
				CLANG_CXX_LANGUAGE_STANDARD = "gnu++0x";
				CLANG_CXX_LIBRARY = "libc++";
				CLANG_ENABLE_MODULES = YES;
				CLANG_ENABLE_OBJC_ARC = YES;
				CLANG_WARN_BOOL_CONVERSION = YES;
				CLANG_WARN_CONSTANT_CONVERSION = YES;
				CLANG_WARN_DIRECT_OBJC_ISA_USAGE = YES_ERROR;
				CLANG_WARN_EMPTY_BODY = YES;
				CLANG_WARN_ENUM_CONVERSION = YES;
				CLANG_WARN_INT_CONVERSION = YES;
				CLANG_WARN_OBJC_ROOT_CLASS = YES_ERROR;
				CLANG_WARN_UNREACHABLE_CODE = YES;
				CLANG_WARN__DUPLICATE_METHOD_MATCH = YES;
				"CODE_SIGN_IDENTITY[sdk=iphoneos*]" = "iPhone Developer";
				COPY_PHASE_STRIP = NO;
				DEBUG_INFORMATION_FORMAT = "dwarf-with-dsym";
				ENABLE_STRICT_OBJC_MSGSEND = YES;
				GCC_C_LANGUAGE_STANDARD = gnu99;
				GCC_DYNAMIC_NO_PIC = NO;
				GCC_NO_COMMON_BLOCKS = YES;
				GCC_OPTIMIZATION_LEVEL = 0;
				GCC_PREPROCESSOR_DEFINITIONS = (
					"DEBUG=1",
					"$(inherited)",
				);
				GCC_SYMBOLS_PRIVATE_EXTERN = NO;
				GCC_WARN_64_TO_32_BIT_CONVERSION = YES;
				GCC_WARN_ABOUT_RETURN_TYPE = YES_ERROR;
				GCC_WARN_UNDECLARED_SELECTOR = YES;
				GCC_WARN_UNINITIALIZED_AUTOS = YES_AGGRESSIVE;
				GCC_WARN_UNUSED_FUNCTION = YES;
				GCC_WARN_UNUSED_VARIABLE = YES;
				IPHONEOS_DEPLOYMENT_TARGET = 8.4;
				MTL_ENABLE_DEBUG_INFO = YES;
				ONLY_ACTIVE_ARCH = YES;
				SDKROOT = iphoneos;
				SWIFT_OPTIMIZATION_LEVEL = "-Onone";
			};
			name = Debug;
		};
		C9442DD51B75BA6E00190B73 /* Release */ = {
			isa = XCBuildConfiguration;
			buildSettings = {
				ALWAYS_SEARCH_USER_PATHS = NO;
				CLANG_CXX_LANGUAGE_STANDARD = "gnu++0x";
				CLANG_CXX_LIBRARY = "libc++";
				CLANG_ENABLE_MODULES = YES;
				CLANG_ENABLE_OBJC_ARC = YES;
				CLANG_WARN_BOOL_CONVERSION = YES;
				CLANG_WARN_CONSTANT_CONVERSION = YES;
				CLANG_WARN_DIRECT_OBJC_ISA_USAGE = YES_ERROR;
				CLANG_WARN_EMPTY_BODY = YES;
				CLANG_WARN_ENUM_CONVERSION = YES;
				CLANG_WARN_INT_CONVERSION = YES;
				CLANG_WARN_OBJC_ROOT_CLASS = YES_ERROR;
				CLANG_WARN_UNREACHABLE_CODE = YES;
				CLANG_WARN__DUPLICATE_METHOD_MATCH = YES;
				"CODE_SIGN_IDENTITY[sdk=iphoneos*]" = "iPhone Developer";
				COPY_PHASE_STRIP = NO;
				DEBUG_INFORMATION_FORMAT = "dwarf-with-dsym";
				ENABLE_NS_ASSERTIONS = NO;
				ENABLE_STRICT_OBJC_MSGSEND = YES;
				GCC_C_LANGUAGE_STANDARD = gnu99;
				GCC_NO_COMMON_BLOCKS = YES;
				GCC_WARN_64_TO_32_BIT_CONVERSION = YES;
				GCC_WARN_ABOUT_RETURN_TYPE = YES_ERROR;
				GCC_WARN_UNDECLARED_SELECTOR = YES;
				GCC_WARN_UNINITIALIZED_AUTOS = YES_AGGRESSIVE;
				GCC_WARN_UNUSED_FUNCTION = YES;
				GCC_WARN_UNUSED_VARIABLE = YES;
				IPHONEOS_DEPLOYMENT_TARGET = 8.4;
				MTL_ENABLE_DEBUG_INFO = NO;
				SDKROOT = iphoneos;
				VALIDATE_PRODUCT = YES;
			};
			name = Release;
		};
		C9442DD71B75BA6E00190B73 /* Debug */ = {
			isa = XCBuildConfiguration;
			buildSettings = {
				ASSETCATALOG_COMPILER_APPICON_NAME = AppIcon;
				INFOPLIST_FILE = Best/Info.plist;
				LD_RUNPATH_SEARCH_PATHS = "$(inherited) @executable_path/Frameworks";
				PRODUCT_NAME = "$(TARGET_NAME)";
			};
			name = Debug;
		};
		C9442DD81B75BA6E00190B73 /* Release */ = {
			isa = XCBuildConfiguration;
			buildSettings = {
				ASSETCATALOG_COMPILER_APPICON_NAME = AppIcon;
				INFOPLIST_FILE = Best/Info.plist;
				LD_RUNPATH_SEARCH_PATHS = "$(inherited) @executable_path/Frameworks";
				PRODUCT_NAME = "$(TARGET_NAME)";
			};
			name = Release;
		};
		C9442DDA1B75BA6E00190B73 /* Debug */ = {
			isa = XCBuildConfiguration;
			buildSettings = {
				BUNDLE_LOADER = "$(TEST_HOST)";
				FRAMEWORK_SEARCH_PATHS = (
					"$(SDKROOT)/Developer/Library/Frameworks",
					"$(inherited)",
				);
				GCC_PREPROCESSOR_DEFINITIONS = (
					"DEBUG=1",
					"$(inherited)",
				);
				INFOPLIST_FILE = BestTests/Info.plist;
				LD_RUNPATH_SEARCH_PATHS = "$(inherited) @executable_path/Frameworks @loader_path/Frameworks";
				PRODUCT_NAME = "$(TARGET_NAME)";
				TEST_HOST = "$(BUILT_PRODUCTS_DIR)/Best.app/Best";
			};
			name = Debug;
		};
		C9442DDB1B75BA6E00190B73 /* Release */ = {
			isa = XCBuildConfiguration;
			buildSettings = {
				BUNDLE_LOADER = "$(TEST_HOST)";
				FRAMEWORK_SEARCH_PATHS = (
					"$(SDKROOT)/Developer/Library/Frameworks",
					"$(inherited)",
				);
				INFOPLIST_FILE = BestTests/Info.plist;
				LD_RUNPATH_SEARCH_PATHS = "$(inherited) @executable_path/Frameworks @loader_path/Frameworks";
				PRODUCT_NAME = "$(TARGET_NAME)";
				TEST_HOST = "$(BUILT_PRODUCTS_DIR)/Best.app/Best";
			};
			name = Release;
		};
/* End XCBuildConfiguration section */

/* Begin XCConfigurationList section */
		C9442DB01B75BA6E00190B73 /* Build configuration list for PBXProject "Best" */ = {
			isa = XCConfigurationList;
			buildConfigurations = (
				C9442DD41B75BA6E00190B73 /* Debug */,
				C9442DD51B75BA6E00190B73 /* Release */,
			);
			defaultConfigurationIsVisible = 0;
			defaultConfigurationName = Release;
		};
		C9442DD61B75BA6E00190B73 /* Build configuration list for PBXNativeTarget "Best" */ = {
			isa = XCConfigurationList;
			buildConfigurations = (
				C9442DD71B75BA6E00190B73 /* Debug */,
				C9442DD81B75BA6E00190B73 /* Release */,
			);
			defaultConfigurationIsVisible = 0;
		};
		C9442DD91B75BA6E00190B73 /* Build configuration list for PBXNativeTarget "BestTests" */ = {
			isa = XCConfigurationList;
			buildConfigurations = (
				C9442DDA1B75BA6E00190B73 /* Debug */,
				C9442DDB1B75BA6E00190B73 /* Release */,
			);
			defaultConfigurationIsVisible = 0;
		};
/* End XCConfigurationList section */
	};
	rootObject = C9442DAD1B75BA6E00190B73 /* Project object */;
}
